{
  "name": "sandbox",
  "version": "1.0.0",
  "lockfileVersion": 3,
  "requires": true,
  "packages": {
    "": {
      "name": "sandbox",
      "version": "1.0.0",
      "license": "ISC",
      "dependencies": {
        "@php-wasm/node-8-3": "^3.1.53",
        "@php-wasm/universal": "^3.1.53",
        "jquery": "^3.7.1"
      }
    },
    "node_modules/@php-wasm/logger": {
      "version": "3.1.53",
      "resolved": "https://registry.npmjs.org/@php-wasm/logger/-/logger-3.1.53.tgz",
      "integrity": "sha512-0qzKmxKlkjPwEXrOuy00Q3gsHxljrrgXbrsGMj0tqKmu4B8gTJnQB8BbDZA93C3fEDc0gXyxeKvask8FseKfZw==",
      "license": "GPL-2.0-or-later",
      "engines": {
        "node": ">=20.10.0",
        "npm": ">=10.2.3"
      }
    },
    "node_modules/@php-wasm/node-8-3": {
      "version": "3.1.53",
      "resolved": "https://registry.npmjs.org/@php-wasm/node-8-3/-/node-8-3-3.1.53.tgz",
      "integrity": "sha512-u1R4U58uvnjisVfCiFXX909XHE+PIs7bU1NfyuAk9RxRb07T1UgWEgZKQCjT63KUnm1NS+5eMCKiuL+8kbADIw==",
      "license": "GPL-2.0-or-later",
      "dependencies": {
        "@php-wasm/universal": "3.1.53",
        "wasm-feature-detect": "1.8.0"
      },
      "engines": {
        "node": ">=20.10.0",
        "npm": ">=10.2.3"
      }
    },
    "node_modules/@php-wasm/progress": {
      "version": "3.1.53",
      "resolved": "https://registry.npmjs.org/@php-wasm/progress/-/progress-3.1.53.tgz",
      "integrity": "sha512-5JD0rohXr8wGW6SJ00hcsEhMzd1Q0nx8iv/TWwbCFVLAWUVg6/KnE09B2rIfbiLAum0g4ojuuSQMedhPBlpWdw==",
      "license": "GPL-2.0-or-later",
      "dependencies": {
        "@php-wasm/logger": "3.1.53"
      },
      "engines": {
        "node": ">=20.10.0",
        "npm": ">=10.2.3"
      }
    },
    "node_modules/@php-wasm/stream-compression": {
      "version": "3.1.53",
      "resolved": "https://registry.npmjs.org/@php-wasm/stream-compression/-/stream-compression-3.1.53.tgz",
      "integrity": "sha512-nJ95ja4L6mC40A6p0zZeYEiUe2PGecLxdbfFVsdSvIcv4mOQ2btPhzitHphBYfBOpl+tYbPWZ9i2M+3jqxffPA==",
      "license": "GPL-2.0-or-later",
      "dependencies": {
        "@php-wasm/util": "3.1.53"
      }
    },
    "node_modules/@php-wasm/universal": {
      "version": "3.1.53",
      "resolved": "https://registry.npmjs.org/@php-wasm/universal/-/universal-3.1.53.tgz",
      "integrity": "sha512-pQIBdxJWmkOkQLRqSL/F1LYZB9aqIVGc6ZEUDo7fLY3dlqzoYgo579ji3gdt+jiCs7DzdWiW57v7f7SbjnW/Ow==",
      "license": "GPL-2.0-or-later",
      "dependencies": {
        "@php-wasm/logger": "3.1.53",
        "@php-wasm/progress": "3.1.53",
        "@php-wasm/stream-compression": "3.1.53",
        "@php-wasm/util": "3.1.53",
        "ini": "4.1.2"
      },
      "engines": {
        "node": ">=20.10.0",
        "npm": ">=10.2.3"
      }
    },
    "node_modules/@php-wasm/util": {
      "version": "3.1.53",
      "resolved": "https://registry.npmjs.org/@php-wasm/util/-/util-3.1.53.tgz",
      "integrity": "sha512-80k5Xpv6GBfYymKFtRWBG66Y/rblHQQiaJZrj0JcGQNLR3z9uO4OIFhTyXCzyAgR82qEfhHPrv8tUchYGfoI4w==",
      "engines": {
        "node": ">=20.10.0",
        "npm": ">=10.2.3"
      }
    },
    "node_modules/ini": {
      "version": "4.1.2",
      "resolved": "https://registry.npmjs.org/ini/-/ini-4.1.2.tgz",
      "integrity": "sha512-AMB1mvwR1pyBFY/nSevUX6y8nJWS63/SzUKD3JyQn97s4xgIdgQPT75IRouIiBAN4yLQBUShNYVW0+UG25daCw==",
      "license": "ISC",
      "engines": {
        "node": "^14.17.0 || ^16.13.0 || >=18.0.0"
      }
    },
    "node_modules/jquery": {
      "version": "3.7.1",
      "resolved": "https://registry.npmjs.org/jquery/-/jquery-3.7.1.tgz",
      "integrity": "sha512-m4avr8yL8kmFN8psrbFFFmB/If14iN5o9nw/NgnnM+kybDJpRsAynV2BsfpTYrTRysYUdADVD7CkUUizgkpLfg==",
      "license": "MIT"
    },
    "node_modules/wasm-feature-detect": {
      "version": "1.8.0",
      "resolved": "https://registry.npmjs.org/wasm-feature-detect/-/wasm-feature-detect-1.8.0.tgz",
      "integrity": "sha512-zksaLKM2fVlnB5jQQDqKXXwYHLQUVH9es+5TOOHwGOVJOCeRBCiPjwSg+3tN2AdTCzjgli4jijCH290kXb/zWQ==",
      "license": "Apache-2.0"
    }
  }
}
